
Microsoft Visual Studio Solution File, Format Version 12.00
# Visual Studio Version 17
VisualStudioVersion = 17.3.32929.385
MinimumVisualStudioVersion = 10.0.40219.1
Project("{FAE04EC0-301F-11D3-BF4B-00C04F79EFBC}") = "Calc", "Calc\Calc.csproj", "{5C3057B4-59B0-40D9-A547-B73A96EA56B1}"
EndProject
Global
	GlobalSection(SolutionConfigurationPlatforms) = preSolution
		Debug|Any CPU = Debug|Any CPU
		Release|Any CPU = Release|Any CPU
	EndGlobalSection
	GlobalSection(ProjectConfigurationPlatforms) = postSolution
		{5C3057B4-59B0-40D9-A547-B73A96EA56B1}.Debug|Any CPU.ActiveCfg = Debug|Any CPU
		{5C3057B4-59B0-40D9-A547-B73A96EA56B1}.Debug|Any CPU.Build.0 = Debug|Any CPU
		{5C3057B4-59B0-40D9-A547-B73A96EA56B1}.Release|Any CPU.ActiveCfg = Release|Any CPU
		{5C3057B4-59B0-40D9-A547-B73A96EA56B1}.Release|Any CPU.Build.0 = Release|Any CPU
	EndGlobalSection
	GlobalSection(SolutionProperties) = preSolution
		HideSolutionNode = FALSE
	EndGlobalSection
	GlobalSection(ExtensibilityGlobals) = postSolution
		SolutionGuid = {ACC2D41D-D5D2-4E3D-AF09-3C4C1EBE9B4C}
	EndGlobalSection
EndGlobal
